
Microsoft Visual Studio Solution File, Format Version 12.00
# Visual Studio 15
VisualStudioVersion = 15.0.28307.572
MinimumVisualStudioVersion = 10.0.40219.1
Project("{FAE04EC0-301F-11D3-BF4B-00C04F79EFBC}") = "ppedv.HalloSerien.Model", "ppedv.HalloSerien.Model\ppedv.HalloSerien.Model.csproj", "{5F6C0DC0-CB0C-40C1-9C4B-FEB3C283FD64}"
EndProject
Project("{FAE04EC0-301F-11D3-BF4B-00C04F79EFBC}") = "ppedv.HalloSerien.Data.EF", "ppedv.HalloSerien.Data.EF\ppedv.HalloSerien.Data.EF.csproj", "{D4590E95-F683-4748-AEE9-7DE25E11D51E}"
EndProject
Project("{FAE04EC0-301F-11D3-BF4B-00C04F79EFBC}") = "ppedv.HalloSerien.Data.EF.Tests", "ppedv.HalloSerien.Data.EF.Tests\ppedv.HalloSerien.Data.EF.Tests.csproj", "{07E49B56-9193-4931-94DF-198443157BDD}"
EndProject
Project("{FAE04EC0-301F-11D3-BF4B-00C04F79EFBC}") = "ppedv.HalloSerien.Logic", "ppedv.HalloSerien.Logic\ppedv.HalloSerien.Logic.csproj", "{5A627B45-C297-4997-A2DD-9357BDD86A6D}"
EndProject
Global
	GlobalSection(SolutionConfigurationPlatforms) = preSolution
		Debug|Any CPU = Debug|Any CPU
		Release|Any CPU = Release|Any CPU
	EndGlobalSection
	GlobalSection(ProjectConfigurationPlatforms) = postSolution
		{5F6C0DC0-CB0C-40C1-9C4B-FEB3C283FD64}.Debug|Any CPU.ActiveCfg = Debug|Any CPU
		{5F6C0DC0-CB0C-40C1-9C4B-FEB3C283FD64}.Debug|Any CPU.Build.0 = Debug|Any CPU
		{5F6C0DC0-CB0C-40C1-9C4B-FEB3C283FD64}.Release|Any CPU.ActiveCfg = Release|Any CPU
		{5F6C0DC0-CB0C-40C1-9C4B-FEB3C283FD64}.Release|Any CPU.Build.0 = Release|Any CPU
		{D4590E95-F683-4748-AEE9-7DE25E11D51E}.Debug|Any CPU.ActiveCfg = Debug|Any CPU
		{D4590E95-F683-4748-AEE9-7DE25E11D51E}.Debug|Any CPU.Build.0 = Debug|Any CPU
		{D4590E95-F683-4748-AEE9-7DE25E11D51E}.Release|Any CPU.ActiveCfg = Release|Any CPU
		{D4590E95-F683-4748-AEE9-7DE25E11D51E}.Release|Any CPU.Build.0 = Release|Any CPU
		{07E49B56-9193-4931-94DF-198443157BDD}.Debug|Any CPU.ActiveCfg = Debug|Any CPU
		{07E49B56-9193-4931-94DF-198443157BDD}.Debug|Any CPU.Build.0 = Debug|Any CPU
		{07E49B56-9193-4931-94DF-198443157BDD}.Release|Any CPU.ActiveCfg = Release|Any CPU
		{07E49B56-9193-4931-94DF-198443157BDD}.Release|Any CPU.Build.0 = Release|Any CPU
		{5A627B45-C297-4997-A2DD-9357BDD86A6D}.Debug|Any CPU.ActiveCfg = Debug|Any CPU
		{5A627B45-C297-4997-A2DD-9357BDD86A6D}.Debug|Any CPU.Build.0 = Debug|Any CPU
		{5A627B45-C297-4997-A2DD-9357BDD86A6D}.Release|Any CPU.ActiveCfg = Release|Any CPU
		{5A627B45-C297-4997-A2DD-9357BDD86A6D}.Release|Any CPU.Build.0 = Release|Any CPU
	EndGlobalSection
	GlobalSection(SolutionProperties) = preSolution
		HideSolutionNode = FALSE
	EndGlobalSection
	GlobalSection(ExtensibilityGlobals) = postSolution
		SolutionGuid = {0B122148-A963-4231-B68F-FF735655C04A}
	EndGlobalSection
EndGlobal
