
Microsoft Visual Studio Solution File, Format Version 12.00
# Visual Studio 15
VisualStudioVersion = 15.0.28307.572
MinimumVisualStudioVersion = 10.0.40219.1
Project("{FAE04EC0-301F-11D3-BF4B-00C04F79EFBC}") = "Calculator", "Calculator\Calculator.csproj", "{C1FA5E91-5FF7-4521-A6D4-4D1D33ADB971}"
EndProject
Project("{FAE04EC0-301F-11D3-BF4B-00C04F79EFBC}") = "Calculator.Tests", "Calculator.Tests\Calculator.Tests.csproj", "{2D9852FE-21E9-4D71-98CA-3BA446302558}"
EndProject
Global
	GlobalSection(SolutionConfigurationPlatforms) = preSolution
		Debug|Any CPU = Debug|Any CPU
		Release|Any CPU = Release|Any CPU
	EndGlobalSection
	GlobalSection(ProjectConfigurationPlatforms) = postSolution
		{C1FA5E91-5FF7-4521-A6D4-4D1D33ADB971}.Debug|Any CPU.ActiveCfg = Debug|Any CPU
		{C1FA5E91-5FF7-4521-A6D4-4D1D33ADB971}.Debug|Any CPU.Build.0 = Debug|Any CPU
		{C1FA5E91-5FF7-4521-A6D4-4D1D33ADB971}.Release|Any CPU.ActiveCfg = Release|Any CPU
		{C1FA5E91-5FF7-4521-A6D4-4D1D33ADB971}.Release|Any CPU.Build.0 = Release|Any CPU
		{2D9852FE-21E9-4D71-98CA-3BA446302558}.Debug|Any CPU.ActiveCfg = Debug|Any CPU
		{2D9852FE-21E9-4D71-98CA-3BA446302558}.Debug|Any CPU.Build.0 = Debug|Any CPU
		{2D9852FE-21E9-4D71-98CA-3BA446302558}.Release|Any CPU.ActiveCfg = Release|Any CPU
		{2D9852FE-21E9-4D71-98CA-3BA446302558}.Release|Any CPU.Build.0 = Release|Any CPU
	EndGlobalSection
	GlobalSection(SolutionProperties) = preSolution
		HideSolutionNode = FALSE
	EndGlobalSection
	GlobalSection(ExtensibilityGlobals) = postSolution
		SolutionGuid = {1005BDCC-0F97-479A-B4ED-B45B1B0E5060}
	EndGlobalSection
EndGlobal
