
Microsoft Visual Studio Solution File, Format Version 12.00
# Visual Studio 15
VisualStudioVersion = 15.0.28307.572
MinimumVisualStudioVersion = 10.0.40219.1
Project("{FAE04EC0-301F-11D3-BF4B-00C04F79EFBC}") = "HalloWPF", "HalloWPF\HalloWPF.csproj", "{20935972-DD07-402D-9ADE-6D85B7B82937}"
EndProject
Global
	GlobalSection(SolutionConfigurationPlatforms) = preSolution
		Debug|Any CPU = Debug|Any CPU
		Release|Any CPU = Release|Any CPU
	EndGlobalSection
	GlobalSection(ProjectConfigurationPlatforms) = postSolution
		{20935972-DD07-402D-9ADE-6D85B7B82937}.Debug|Any CPU.ActiveCfg = Debug|Any CPU
		{20935972-DD07-402D-9ADE-6D85B7B82937}.Debug|Any CPU.Build.0 = Debug|Any CPU
		{20935972-DD07-402D-9ADE-6D85B7B82937}.Release|Any CPU.ActiveCfg = Release|Any CPU
		{20935972-DD07-402D-9ADE-6D85B7B82937}.Release|Any CPU.Build.0 = Release|Any CPU
	EndGlobalSection
	GlobalSection(SolutionProperties) = preSolution
		HideSolutionNode = FALSE
	EndGlobalSection
	GlobalSection(ExtensibilityGlobals) = postSolution
		SolutionGuid = {17BD4DC8-7657-4975-ADF3-CF907052E9C6}
	EndGlobalSection
EndGlobal
